NeoBundleLock ctrlp.vim dfd391062e6f945114bb98c06109904635f73a69
NeoBundleLock neobundle.vim 6e696b19d8ff36bf754f901a6b7e42671e06b7a8
NeoBundleLock neosnippet-snippets 51c24c21d099a3a2c723632d192865ac76eacdde
NeoBundleLock neosnippet.vim bcb7620a852a542d0940a2ff691deb9da9309f07
NeoBundleLock vim-colorschemes 189f5182bb70fd35d0f56fee451c3f22a2a80135
NeoBundleLock vim-fugitive e1ae9effbcc9673bdc4bedbdbe6028f00114108c
NeoBundleLock vimshell 3787e52766812d8b99a93ccdda57517bc2a0bab6
