NeoBundleLock Nvim-R 6561feb4ac79eec178039e3627e83145870a3022
NeoBundleLock deoplete-ruby e61edbaad17765c89916f8ea3fa07aee5f4bd9f3
NeoBundleLock deoplete.nvim cd52ac6c076720541c6b9a82581622f597778e97
NeoBundleLock gruvbox e9d8196ee42e0e832284869af3a42ca02e3ecc15
NeoBundleLock neobundle.vim 30c40ccbfc6371fb922eece6e0657eb5da9e479b
NeoBundleLock neomake 08375e0c5fe8a90d0346128379d7286e042afd82
NeoBundleLock neosnippet-snippets 4d25b4352738ecf34e56701d0172d80daa3bd287
NeoBundleLock neosnippet.vim 9492fbb7e9016243af3c1987b91f0bffcf4cc8e7
NeoBundleLock typescript-vim 8d1a4aaa6112efd6f62d5f236448015c59e1b7b8
NeoBundleLock vim-airline 62fa44f8b3a1238f4176ad5359ff0837b6263c07
NeoBundleLock vim-coffee-script 0f4bd9776cfd0fd2a394a4b1991630698e4fdc2d
NeoBundleLock vim-css-color e2017678257fa8a175e4ab1191f9cfbe8cab39b2
NeoBundleLock vim-fugitive e1ae9effbcc9673bdc4bedbdbe6028f00114108c
NeoBundleLock vim-javascript 26c7330de100eb1d1809858358c2ccd5b2a74078
NeoBundleLock vim-latex ee2822394ceb5030b0b1970da9f0133ed8509576
NeoBundleLock vim-pug f3950a72ea92f2c372846e763dad1f1151a38fb1
NeoBundleLock vim-scala 16beb5378b487c2ddbdc9ed7241b145cd2df33f4
NeoBundleLock vimproc.vim b2255c66a3dc04fba1adbda3e380facff45fe6ec
NeoBundleLock vimshell.vim c71ffb48b9ea2c718facd2eaad431f59503e58aa
